{
  "nodes": {
    "nixpkgs": {
      "locked": {
        "lastModified": 1650460696,
        "narHash": "sha256-ylodq2p49Wphsk9NlF88zeiXWDwp6/8wPRa+FD51QHk=",
        "owner": "skoudmar",
        "repo": "nixpkgs",
        "rev": "9a60bb16e2881f92983a66ff23590fcd8af3316b",
        "type": "github"
      },
      "original": {
        "owner": "skoudmar",
        "ref": "novaboot",
        "repo": "nixpkgs",
        "type": "github"
      }
    },
    "root": {
      "inputs": {
        "nixpkgs": "nixpkgs"
      }
    }
  },
  "root": "root",
  "version": 7
}
