{
  "nodes": {
    "nixpkgs": {
      "locked": {
        "lastModified": 1652970653,
        "narHash": "sha256-90f2PT3X4AhH5OLJgpJYPSZkGjfmQhnvVVoZVlZzIVk=",
        "owner": "skoudmar",
        "repo": "nixpkgs",
        "rev": "df639eb8e125985c3190b530cb19f5f38d97b0c0",
        "type": "github"
      },
      "original": {
        "owner": "skoudmar",
        "ref": "novaboot",
        "repo": "nixpkgs",
        "type": "github"
      }
    },
    "root": {
      "inputs": {
        "nixpkgs": "nixpkgs"
      }
    }
  },
  "root": "root",
  "version": 7
}
